
Microsoft Visual Studio Solution File, Format Version 11.00
# Visual Studio 2010
Project("{2150E333-8FDC-42A3-9474-1A3956D46DE8}") = "docs", "docs", "{F9C66DB2-BF6F-4A52-B074-3E2E9A9F7204}"
	ProjectSection(SolutionItems) = preProject
		docs\System Diagram.vsd = docs\System Diagram.vsd
	EndProjectSection
EndProject
Project("{FAE04EC0-301F-11D3-BF4B-00C04F79EFBC}") = "Common", "Common\Common.csproj", "{7A54C1C8-EBFB-4E36-AFA1-D5410FF0CE00}"
EndProject
Project("{FAE04EC0-301F-11D3-BF4B-00C04F79EFBC}") = "Tests", "Tests\Tests.csproj", "{D6DE7341-50A9-415A-9297-396872D2ECF3}"
EndProject
Project("{FAE04EC0-301F-11D3-BF4B-00C04F79EFBC}") = "Subversion", "Subversion\Subversion.csproj", "{3B4B071A-EF5B-4BBC-9F15-6FCE8D6D83DD}"
EndProject
Project("{FAE04EC0-301F-11D3-BF4B-00C04F79EFBC}") = "DataAccess.NHibernate", "DataAccess.NHibernate\DataAccess.NHibernate.csproj", "{BBC006B1-09D8-4E3E-9D2F-737D799A10FA}"
EndProject
Project("{FAE04EC0-301F-11D3-BF4B-00C04F79EFBC}") = "TestApp", "TestApp\TestApp.csproj", "{5C8E390A-0301-445E-84F6-B534187F6EF4}"
EndProject
Project("{FAE04EC0-301F-11D3-BF4B-00C04F79EFBC}") = "Achievements", "Achievements\Achievements.csproj", "{2A6213C4-5FCA-4C3A-BB04-202226C8B487}"
EndProject
Project("{FAE04EC0-301F-11D3-BF4B-00C04F79EFBC}") = "CruiseControl", "CruiseControl\CruiseControl.csproj", "{18B89C0E-FD54-4816-9EA4-736A3C7D43FA}"
EndProject
Project("{FAE04EC0-301F-11D3-BF4B-00C04F79EFBC}") = "Website", "Website\Website.csproj", "{048EE8EB-78D1-4D15-A4C5-5001CE61D396}"
EndProject
Project("{FAE04EC0-301F-11D3-BF4B-00C04F79EFBC}") = "Setup", "Setup\Setup.csproj", "{649AA0AC-ED26-4FE4-BA0F-E81F207207AD}"
EndProject
Global
	GlobalSection(SolutionConfigurationPlatforms) = preSolution
		Debug|Any CPU = Debug|Any CPU
		Debug|Mixed Platforms = Debug|Mixed Platforms
		Debug|x86 = Debug|x86
		Release|Any CPU = Release|Any CPU
		Release|Mixed Platforms = Release|Mixed Platforms
		Release|x86 = Release|x86
	EndGlobalSection
	GlobalSection(ProjectConfigurationPlatforms) = postSolution
		{7A54C1C8-EBFB-4E36-AFA1-D5410FF0CE00}.Debug|Any CPU.ActiveCfg = Debug|Any CPU
		{7A54C1C8-EBFB-4E36-AFA1-D5410FF0CE00}.Debug|Any CPU.Build.0 = Debug|Any CPU
		{7A54C1C8-EBFB-4E36-AFA1-D5410FF0CE00}.Debug|Mixed Platforms.ActiveCfg = Debug|Any CPU
		{7A54C1C8-EBFB-4E36-AFA1-D5410FF0CE00}.Debug|Mixed Platforms.Build.0 = Debug|Any CPU
		{7A54C1C8-EBFB-4E36-AFA1-D5410FF0CE00}.Debug|x86.ActiveCfg = Debug|Any CPU
		{7A54C1C8-EBFB-4E36-AFA1-D5410FF0CE00}.Release|Any CPU.ActiveCfg = Release|Any CPU
		{7A54C1C8-EBFB-4E36-AFA1-D5410FF0CE00}.Release|Any CPU.Build.0 = Release|Any CPU
		{7A54C1C8-EBFB-4E36-AFA1-D5410FF0CE00}.Release|Mixed Platforms.ActiveCfg = Release|Any CPU
		{7A54C1C8-EBFB-4E36-AFA1-D5410FF0CE00}.Release|Mixed Platforms.Build.0 = Release|Any CPU
		{7A54C1C8-EBFB-4E36-AFA1-D5410FF0CE00}.Release|x86.ActiveCfg = Release|Any CPU
		{D6DE7341-50A9-415A-9297-396872D2ECF3}.Debug|Any CPU.ActiveCfg = Debug|Any CPU
		{D6DE7341-50A9-415A-9297-396872D2ECF3}.Debug|Any CPU.Build.0 = Debug|Any CPU
		{D6DE7341-50A9-415A-9297-396872D2ECF3}.Debug|Mixed Platforms.ActiveCfg = Debug|Any CPU
		{D6DE7341-50A9-415A-9297-396872D2ECF3}.Debug|Mixed Platforms.Build.0 = Debug|Any CPU
		{D6DE7341-50A9-415A-9297-396872D2ECF3}.Debug|x86.ActiveCfg = Debug|Any CPU
		{D6DE7341-50A9-415A-9297-396872D2ECF3}.Release|Any CPU.ActiveCfg = Release|Any CPU
		{D6DE7341-50A9-415A-9297-396872D2ECF3}.Release|Any CPU.Build.0 = Release|Any CPU
		{D6DE7341-50A9-415A-9297-396872D2ECF3}.Release|Mixed Platforms.ActiveCfg = Release|Any CPU
		{D6DE7341-50A9-415A-9297-396872D2ECF3}.Release|Mixed Platforms.Build.0 = Release|Any CPU
		{D6DE7341-50A9-415A-9297-396872D2ECF3}.Release|x86.ActiveCfg = Release|Any CPU
		{3B4B071A-EF5B-4BBC-9F15-6FCE8D6D83DD}.Debug|Any CPU.ActiveCfg = Debug|Any CPU
		{3B4B071A-EF5B-4BBC-9F15-6FCE8D6D83DD}.Debug|Any CPU.Build.0 = Debug|Any CPU
		{3B4B071A-EF5B-4BBC-9F15-6FCE8D6D83DD}.Debug|Mixed Platforms.ActiveCfg = Debug|Any CPU
		{3B4B071A-EF5B-4BBC-9F15-6FCE8D6D83DD}.Debug|Mixed Platforms.Build.0 = Debug|Any CPU
		{3B4B071A-EF5B-4BBC-9F15-6FCE8D6D83DD}.Debug|x86.ActiveCfg = Debug|Any CPU
		{3B4B071A-EF5B-4BBC-9F15-6FCE8D6D83DD}.Release|Any CPU.ActiveCfg = Release|Any CPU
		{3B4B071A-EF5B-4BBC-9F15-6FCE8D6D83DD}.Release|Any CPU.Build.0 = Release|Any CPU
		{3B4B071A-EF5B-4BBC-9F15-6FCE8D6D83DD}.Release|Mixed Platforms.ActiveCfg = Release|Any CPU
		{3B4B071A-EF5B-4BBC-9F15-6FCE8D6D83DD}.Release|Mixed Platforms.Build.0 = Release|Any CPU
		{3B4B071A-EF5B-4BBC-9F15-6FCE8D6D83DD}.Release|x86.ActiveCfg = Release|Any CPU
		{BBC006B1-09D8-4E3E-9D2F-737D799A10FA}.Debug|Any CPU.ActiveCfg = Debug|Any CPU
		{BBC006B1-09D8-4E3E-9D2F-737D799A10FA}.Debug|Any CPU.Build.0 = Debug|Any CPU
		{BBC006B1-09D8-4E3E-9D2F-737D799A10FA}.Debug|Mixed Platforms.ActiveCfg = Debug|Any CPU
		{BBC006B1-09D8-4E3E-9D2F-737D799A10FA}.Debug|Mixed Platforms.Build.0 = Debug|Any CPU
		{BBC006B1-09D8-4E3E-9D2F-737D799A10FA}.Debug|x86.ActiveCfg = Debug|Any CPU
		{BBC006B1-09D8-4E3E-9D2F-737D799A10FA}.Release|Any CPU.ActiveCfg = Release|Any CPU
		{BBC006B1-09D8-4E3E-9D2F-737D799A10FA}.Release|Any CPU.Build.0 = Release|Any CPU
		{BBC006B1-09D8-4E3E-9D2F-737D799A10FA}.Release|Mixed Platforms.ActiveCfg = Release|Any CPU
		{BBC006B1-09D8-4E3E-9D2F-737D799A10FA}.Release|Mixed Platforms.Build.0 = Release|Any CPU
		{BBC006B1-09D8-4E3E-9D2F-737D799A10FA}.Release|x86.ActiveCfg = Release|Any CPU
		{5C8E390A-0301-445E-84F6-B534187F6EF4}.Debug|Any CPU.ActiveCfg = Debug|Any CPU
		{5C8E390A-0301-445E-84F6-B534187F6EF4}.Debug|Any CPU.Build.0 = Debug|Any CPU
		{5C8E390A-0301-445E-84F6-B534187F6EF4}.Debug|Mixed Platforms.ActiveCfg = Debug|Any CPU
		{5C8E390A-0301-445E-84F6-B534187F6EF4}.Debug|Mixed Platforms.Build.0 = Debug|Any CPU
		{5C8E390A-0301-445E-84F6-B534187F6EF4}.Debug|x86.ActiveCfg = Debug|Any CPU
		{5C8E390A-0301-445E-84F6-B534187F6EF4}.Release|Any CPU.ActiveCfg = Release|Any CPU
		{5C8E390A-0301-445E-84F6-B534187F6EF4}.Release|Any CPU.Build.0 = Release|Any CPU
		{5C8E390A-0301-445E-84F6-B534187F6EF4}.Release|Mixed Platforms.ActiveCfg = Release|Any CPU
		{5C8E390A-0301-445E-84F6-B534187F6EF4}.Release|Mixed Platforms.Build.0 = Release|Any CPU
		{5C8E390A-0301-445E-84F6-B534187F6EF4}.Release|x86.ActiveCfg = Release|Any CPU
		{2A6213C4-5FCA-4C3A-BB04-202226C8B487}.Debug|Any CPU.ActiveCfg = Debug|Any CPU
		{2A6213C4-5FCA-4C3A-BB04-202226C8B487}.Debug|Any CPU.Build.0 = Debug|Any CPU
		{2A6213C4-5FCA-4C3A-BB04-202226C8B487}.Debug|Mixed Platforms.ActiveCfg = Debug|Any CPU
		{2A6213C4-5FCA-4C3A-BB04-202226C8B487}.Debug|Mixed Platforms.Build.0 = Debug|Any CPU
		{2A6213C4-5FCA-4C3A-BB04-202226C8B487}.Debug|x86.ActiveCfg = Debug|Any CPU
		{2A6213C4-5FCA-4C3A-BB04-202226C8B487}.Release|Any CPU.ActiveCfg = Release|Any CPU
		{2A6213C4-5FCA-4C3A-BB04-202226C8B487}.Release|Any CPU.Build.0 = Release|Any CPU
		{2A6213C4-5FCA-4C3A-BB04-202226C8B487}.Release|Mixed Platforms.ActiveCfg = Release|Any CPU
		{2A6213C4-5FCA-4C3A-BB04-202226C8B487}.Release|Mixed Platforms.Build.0 = Release|Any CPU
		{2A6213C4-5FCA-4C3A-BB04-202226C8B487}.Release|x86.ActiveCfg = Release|Any CPU
		{18B89C0E-FD54-4816-9EA4-736A3C7D43FA}.Debug|Any CPU.ActiveCfg = Debug|Any CPU
		{18B89C0E-FD54-4816-9EA4-736A3C7D43FA}.Debug|Any CPU.Build.0 = Debug|Any CPU
		{18B89C0E-FD54-4816-9EA4-736A3C7D43FA}.Debug|Mixed Platforms.ActiveCfg = Debug|Any CPU
		{18B89C0E-FD54-4816-9EA4-736A3C7D43FA}.Debug|Mixed Platforms.Build.0 = Debug|Any CPU
		{18B89C0E-FD54-4816-9EA4-736A3C7D43FA}.Debug|x86.ActiveCfg = Debug|Any CPU
		{18B89C0E-FD54-4816-9EA4-736A3C7D43FA}.Release|Any CPU.ActiveCfg = Release|Any CPU
		{18B89C0E-FD54-4816-9EA4-736A3C7D43FA}.Release|Any CPU.Build.0 = Release|Any CPU
		{18B89C0E-FD54-4816-9EA4-736A3C7D43FA}.Release|Mixed Platforms.ActiveCfg = Release|Any CPU
		{18B89C0E-FD54-4816-9EA4-736A3C7D43FA}.Release|Mixed Platforms.Build.0 = Release|Any CPU
		{18B89C0E-FD54-4816-9EA4-736A3C7D43FA}.Release|x86.ActiveCfg = Release|Any CPU
		{048EE8EB-78D1-4D15-A4C5-5001CE61D396}.Debug|Any CPU.ActiveCfg = Debug|Any CPU
		{048EE8EB-78D1-4D15-A4C5-5001CE61D396}.Debug|Any CPU.Build.0 = Debug|Any CPU
		{048EE8EB-78D1-4D15-A4C5-5001CE61D396}.Debug|Mixed Platforms.ActiveCfg = Debug|Any CPU
		{048EE8EB-78D1-4D15-A4C5-5001CE61D396}.Debug|Mixed Platforms.Build.0 = Debug|Any CPU
		{048EE8EB-78D1-4D15-A4C5-5001CE61D396}.Debug|x86.ActiveCfg = Debug|Any CPU
		{048EE8EB-78D1-4D15-A4C5-5001CE61D396}.Release|Any CPU.ActiveCfg = Release|Any CPU
		{048EE8EB-78D1-4D15-A4C5-5001CE61D396}.Release|Any CPU.Build.0 = Release|Any CPU
		{048EE8EB-78D1-4D15-A4C5-5001CE61D396}.Release|Mixed Platforms.ActiveCfg = Release|Any CPU
		{048EE8EB-78D1-4D15-A4C5-5001CE61D396}.Release|Mixed Platforms.Build.0 = Release|Any CPU
		{048EE8EB-78D1-4D15-A4C5-5001CE61D396}.Release|x86.ActiveCfg = Release|Any CPU
		{649AA0AC-ED26-4FE4-BA0F-E81F207207AD}.Debug|Any CPU.ActiveCfg = Debug|x86
		{649AA0AC-ED26-4FE4-BA0F-E81F207207AD}.Debug|Mixed Platforms.ActiveCfg = Debug|x86
		{649AA0AC-ED26-4FE4-BA0F-E81F207207AD}.Debug|Mixed Platforms.Build.0 = Debug|x86
		{649AA0AC-ED26-4FE4-BA0F-E81F207207AD}.Debug|x86.ActiveCfg = Debug|x86
		{649AA0AC-ED26-4FE4-BA0F-E81F207207AD}.Debug|x86.Build.0 = Debug|x86
		{649AA0AC-ED26-4FE4-BA0F-E81F207207AD}.Release|Any CPU.ActiveCfg = Release|x86
		{649AA0AC-ED26-4FE4-BA0F-E81F207207AD}.Release|Mixed Platforms.ActiveCfg = Release|x86
		{649AA0AC-ED26-4FE4-BA0F-E81F207207AD}.Release|Mixed Platforms.Build.0 = Release|x86
		{649AA0AC-ED26-4FE4-BA0F-E81F207207AD}.Release|x86.ActiveCfg = Release|x86
		{649AA0AC-ED26-4FE4-BA0F-E81F207207AD}.Release|x86.Build.0 = Release|x86
	EndGlobalSection
	GlobalSection(SolutionProperties) = preSolution
		HideSolutionNode = FALSE
	EndGlobalSection
EndGlobal
