
Microsoft Visual Studio Solution File, Format Version 11.00
# Visual Studio 2010
Project("{FAE04EC0-301F-11D3-BF4B-00C04F79EFBC}") = "Core", "Core\Core.csproj", "{31294D0B-4FB0-41DF-A18E-8BBDB65225CE}"
EndProject
Project("{FAE04EC0-301F-11D3-BF4B-00C04F79EFBC}") = "Tests", "Tests\Tests.csproj", "{02C9C174-41D2-48C4-A8ED-F2041EB41DFC}"
EndProject
Project("{FAE04EC0-301F-11D3-BF4B-00C04F79EFBC}") = "DataAccess", "DataAccess\DataAccess.csproj", "{73A0EED5-8925-498C-926A-1AF2F140D223}"
EndProject
Project("{FAE04EC0-301F-11D3-BF4B-00C04F79EFBC}") = "Website", "Website\Website.csproj", "{60C69D34-6AAC-48BE-94FE-40A2EE027E10}"
EndProject
Project("{FAE04EC0-301F-11D3-BF4B-00C04F79EFBC}") = "Client", "Client\Client.csproj", "{D2D62FE5-36A4-4B45-930D-65D69374AB6D}"
EndProject
Global
	GlobalSection(SolutionConfigurationPlatforms) = preSolution
		Debug|Any CPU = Debug|Any CPU
		Release|Any CPU = Release|Any CPU
	EndGlobalSection
	GlobalSection(ProjectConfigurationPlatforms) = postSolution
		{31294D0B-4FB0-41DF-A18E-8BBDB65225CE}.Debug|Any CPU.ActiveCfg = Debug|Any CPU
		{31294D0B-4FB0-41DF-A18E-8BBDB65225CE}.Debug|Any CPU.Build.0 = Debug|Any CPU
		{31294D0B-4FB0-41DF-A18E-8BBDB65225CE}.Release|Any CPU.ActiveCfg = Release|Any CPU
		{31294D0B-4FB0-41DF-A18E-8BBDB65225CE}.Release|Any CPU.Build.0 = Release|Any CPU
		{02C9C174-41D2-48C4-A8ED-F2041EB41DFC}.Debug|Any CPU.ActiveCfg = Debug|Any CPU
		{02C9C174-41D2-48C4-A8ED-F2041EB41DFC}.Debug|Any CPU.Build.0 = Debug|Any CPU
		{02C9C174-41D2-48C4-A8ED-F2041EB41DFC}.Release|Any CPU.ActiveCfg = Release|Any CPU
		{02C9C174-41D2-48C4-A8ED-F2041EB41DFC}.Release|Any CPU.Build.0 = Release|Any CPU
		{73A0EED5-8925-498C-926A-1AF2F140D223}.Debug|Any CPU.ActiveCfg = Debug|Any CPU
		{73A0EED5-8925-498C-926A-1AF2F140D223}.Debug|Any CPU.Build.0 = Debug|Any CPU
		{73A0EED5-8925-498C-926A-1AF2F140D223}.Release|Any CPU.ActiveCfg = Release|Any CPU
		{73A0EED5-8925-498C-926A-1AF2F140D223}.Release|Any CPU.Build.0 = Release|Any CPU
		{60C69D34-6AAC-48BE-94FE-40A2EE027E10}.Debug|Any CPU.ActiveCfg = Debug|Any CPU
		{60C69D34-6AAC-48BE-94FE-40A2EE027E10}.Debug|Any CPU.Build.0 = Debug|Any CPU
		{60C69D34-6AAC-48BE-94FE-40A2EE027E10}.Release|Any CPU.ActiveCfg = Release|Any CPU
		{60C69D34-6AAC-48BE-94FE-40A2EE027E10}.Release|Any CPU.Build.0 = Release|Any CPU
		{D2D62FE5-36A4-4B45-930D-65D69374AB6D}.Debug|Any CPU.ActiveCfg = Debug|Any CPU
		{D2D62FE5-36A4-4B45-930D-65D69374AB6D}.Debug|Any CPU.Build.0 = Debug|Any CPU
		{D2D62FE5-36A4-4B45-930D-65D69374AB6D}.Release|Any CPU.ActiveCfg = Release|Any CPU
		{D2D62FE5-36A4-4B45-930D-65D69374AB6D}.Release|Any CPU.Build.0 = Release|Any CPU
	EndGlobalSection
	GlobalSection(SolutionProperties) = preSolution
		HideSolutionNode = FALSE
	EndGlobalSection
EndGlobal
